# THIS IS AN AUTOGENERATED FILE. DO NOT EDIT THIS FILE DIRECTLY.
# yarn lockfile v1


"@babel/runtime@^7.11.2", "@babel/runtime@^7.12.5":
  "integrity" "sha512-9E9FJowqAsytyOY6LG+1KuueckRL+aQW+mKvXRXnuFGyRAyepJPmEo9vgMfXUA6O9u3IeEdv9MAkppFcaQwogQ=="
  "resolved" "https://registry.npmjs.org/@babel/runtime/-/runtime-7.16.7.tgz"
  "version" "7.16.7"
  dependencies:
    "regenerator-runtime" "^0.13.4"

"@ethersproject/bytes@^5.5.0":
  "integrity" "sha512-ABvc7BHWhZU9PNM/tANm/Qx4ostPGadAuQzWTr3doklZOhDlmcBqclrQe/ZXUIj3K8wC28oYeuRa+A37tX9kog=="
  "resolved" "https://registry.npmjs.org/@ethersproject/bytes/-/bytes-5.5.0.tgz"
  "version" "5.5.0"
  dependencies:
    "@ethersproject/logger" "^5.5.0"

"@ethersproject/logger@^5.5.0":
  "integrity" "sha512-rIY/6WPm7T8n3qS2vuHTUBPdXHl+rGxWxW5okDfo9J4Z0+gRRZT0msvUdIJkE4/HS29GUMziwGaaKO2bWONBrg=="
  "resolved" "https://registry.npmjs.org/@ethersproject/logger/-/logger-5.5.0.tgz"
  "version" "5.5.0"

"@ethersproject/sha2@^5.5.0":
  "integrity" "sha512-B5UBoglbCiHamRVPLA110J+2uqsifpZaTmid2/7W5rbtYVz6gus6/hSDieIU/6gaKIDcOj12WnOdiymEUHIAOA=="
  "resolved" "https://registry.npmjs.org/@ethersproject/sha2/-/sha2-5.5.0.tgz"
  "version" "5.5.0"
  dependencies:
    "@ethersproject/bytes" "^5.5.0"
    "@ethersproject/logger" "^5.5.0"
    "hash.js" "1.1.7"

"@pythnetwork/client@^2.5.1":
  "integrity" "sha512-QXt31aWuVi02yvjmNEFDKurTkeTL/BEM4Ney4uixUbkxZDSrYRUuYNXPTrylRLdT3C3DlbF858/Jt7DwtLMR2w=="
  "resolved" "https://registry.npmjs.org/@pythnetwork/client/-/client-2.5.1.tgz"
  "version" "2.5.1"
  dependencies:
    "@solana/web3.js" "^1.30.2"
    "assert" "^2.0.0"
    "buffer" "^6.0.1"

"@solana/buffer-layout@^3.0.0":
  "integrity" "sha512-MVdgAKKL39tEs0l8je0hKaXLQFb7Rdfb0Xg2LjFZd8Lfdazkg6xiS98uAZrEKvaoF3i4M95ei9RydkGIDMeo3w=="
  "resolved" "https://registry.npmjs.org/@solana/buffer-layout/-/buffer-layout-3.0.0.tgz"
  "version" "3.0.0"
  dependencies:
    "buffer" "~6.0.3"

"@solana/web3.js@^1.30.2":
  "integrity" "sha512-7nHHx1JNFnrt15e9y8m38I/EJCbaB+bFC3KZVM1+QhybCikFxGMtGA5r7PDC3GEL1R2RZA8yKoLkDKo3vzzqnw=="
  "resolved" "https://registry.npmjs.org/@solana/web3.js/-/web3.js-1.31.0.tgz"
  "version" "1.31.0"
  dependencies:
    "@babel/runtime" "^7.12.5"
    "@ethersproject/sha2" "^5.5.0"
    "@solana/buffer-layout" "^3.0.0"
    "bn.js" "^5.0.0"
    "borsh" "^0.4.0"
    "bs58" "^4.0.1"
    "buffer" "6.0.1"
    "cross-fetch" "^3.1.4"
    "jayson" "^3.4.4"
    "js-sha3" "^0.8.0"
    "rpc-websockets" "^7.4.2"
    "secp256k1" "^4.0.2"
    "superstruct" "^0.14.2"
    "tweetnacl" "^1.0.0"

"@types/bn.js@^4.11.5":
  "integrity" "sha512-pqr857jrp2kPuO9uRjZ3PwnJTjoQy+fcdxvBTvHm6dkmEL9q+hDD/2j/0ELOBPtPnS8LjCX0gI9nbl8lVkadpg=="
  "resolved" "https://registry.npmjs.org/@types/bn.js/-/bn.js-4.11.6.tgz"
  "version" "4.11.6"
  dependencies:
    "@types/node" "*"

"@types/body-parser@*":
  "integrity" "sha512-ALYone6pm6QmwZoAgeyNksccT9Q4AWZQ6PvfwR37GT6r6FWUPguq6sUmNGSMV2Wr761oQoBxwGGa6DR5o1DC9g=="
  "resolved" "https://registry.npmjs.org/@types/body-parser/-/body-parser-1.19.2.tgz"
  "version" "1.19.2"
  dependencies:
    "@types/connect" "*"
    "@types/node" "*"

"@types/connect@*", "@types/connect@^3.4.33":
  "integrity" "sha512-cdeYyv4KWoEgpBISTxWvqYsVy444DOqehiF3fM3ne10AmJ62RSyNkUnxMJXHQWRQQX2eR94m5y1IZyDwBjV9FQ=="
  "resolved" "https://registry.npmjs.org/@types/connect/-/connect-3.4.35.tgz"
  "version" "3.4.35"
  dependencies:
    "@types/node" "*"

"@types/express-serve-static-core@^4.17.18", "@types/express-serve-static-core@^4.17.9":
  "integrity" "sha512-e/sVallzUTPdyOTiqi8O8pMdBBphscvI6E4JYaKlja4Lm+zh7UFSSdW5VMkRbhDtmrONqOUHOXRguPsDckzxNA=="
  "resolved" "https://registry.npmjs.org/@types/express-serve-static-core/-/express-serve-static-core-4.17.27.tgz"
  "version" "4.17.27"
  dependencies:
    "@types/node" "*"
    "@types/qs" "*"
    "@types/range-parser" "*"

"@types/express@^4.17.13":
  "integrity" "sha512-6bSZTPaTIACxn48l50SR+axgrqm6qXFIxrdAKaG6PaJk3+zuUr35hBlgT7vOmJcum+OEaIBLtHV/qloEAFITeA=="
  "resolved" "https://registry.npmjs.org/@types/express/-/express-4.17.13.tgz"
  "version" "4.17.13"
  dependencies:
    "@types/body-parser" "*"
    "@types/express-serve-static-core" "^4.17.18"
    "@types/qs" "*"
    "@types/serve-static" "*"

"@types/lodash@^4.14.159":
  "integrity" "sha512-0d5Wd09ItQWH1qFbEyQ7oTQ3GZrMfth5JkbN3EvTKLXcHLRDSXeLnlvlOn0wvxVIwK5o2M8JzP/OWz7T3NRsbw=="
  "resolved" "https://registry.npmjs.org/@types/lodash/-/lodash-4.14.178.tgz"
  "version" "4.14.178"

"@types/mime@^1":
  "integrity" "sha512-YATxVxgRqNH6nHEIsvg6k2Boc1JHI9ZbH5iWFFv/MTkchz3b1ieGDa5T0a9RznNdI0KhVbdbWSN+KWWrQZRxTw=="
  "resolved" "https://registry.npmjs.org/@types/mime/-/mime-1.3.2.tgz"
  "version" "1.3.2"

"@types/node@*":
  "integrity" "sha512-YofkM6fGv4gDJq78g4j0mMuGMkZVxZDgtU0JRdx6FgiJDG+0fY0GKVolOV8WqVmEhLCXkQRjwDdKyPxJp/uucg=="
  "resolved" "https://registry.npmjs.org/@types/node/-/node-17.0.8.tgz"
  "version" "17.0.8"

"@types/node@^12.12.54":
  "integrity" "sha512-f6xOqucbDirG7LOzedpvzjP3UTmHttRou3Mosx3vL9wr9AIQGhcPgVnqa8ihpZYnxyM1rxeNCvTyukPKZtq10Q=="
  "resolved" "https://registry.npmjs.org/@types/node/-/node-12.20.41.tgz"
  "version" "12.20.41"

"@types/qs@*":
  "integrity" "sha512-FGa1F62FT09qcrueBA6qYTrJPVDzah9a+493+o2PCXsesWHIn27G98TsSMs3WPNbZIEj4+VJf6saSFpvD+3Zsw=="
  "resolved" "https://registry.npmjs.org/@types/qs/-/qs-6.9.7.tgz"
  "version" "6.9.7"

"@types/range-parser@*":
  "integrity" "sha512-EEhsLsD6UsDM1yFhAvy0Cjr6VwmpMWqFBCb9w07wVugF7w9nfajxLuVmngTIpgS6svCnm6Vaw+MZhoDCKnOfsw=="
  "resolved" "https://registry.npmjs.org/@types/range-parser/-/range-parser-1.2.4.tgz"
  "version" "1.2.4"

"@types/serve-static@*":
  "integrity" "sha512-nCkHGI4w7ZgAdNkrEu0bv+4xNV/XDqW+DydknebMOQwkpDGx8G+HTlj7R7ABI8i8nKxVw0wtKPi1D+lPOkh4YQ=="
  "resolved" "https://registry.npmjs.org/@types/serve-static/-/serve-static-1.13.10.tgz"
  "version" "1.13.10"
  dependencies:
    "@types/mime" "^1"
    "@types/node" "*"

"@types/ws@^7.4.4":
  "integrity" "sha512-JQbbmxZTZehdc2iszGKs5oC3NFnjeay7mtAWrdt7qNtAVK0g19muApzAy4bm9byz79xa2ZnO/BOBC2R8RC5Lww=="
  "resolved" "https://registry.npmjs.org/@types/ws/-/ws-7.4.7.tgz"
  "version" "7.4.7"
  dependencies:
    "@types/node" "*"

"accepts@~1.3.7":
  "integrity" "sha512-Il80Qs2WjYlJIBNzNkK6KYqlVMTbZLXgHx2oT0pU/fjRHyEp+PEfEPY0R3WCwAGVOtauxh1hOxNgIf5bv7dQpA=="
  "resolved" "https://registry.npmjs.org/accepts/-/accepts-1.3.7.tgz"
  "version" "1.3.7"
  dependencies:
    "mime-types" "~2.1.24"
    "negotiator" "0.6.2"

"array-flatten@1.1.1":
  "integrity" "sha1-ml9pkFGx5wczKPKgCJaLZOopVdI="
  "resolved" "https://registry.npmjs.org/array-flatten/-/array-flatten-1.1.1.tgz"
  "version" "1.1.1"

"assert@^2.0.0":
  "integrity" "sha512-se5Cd+js9dXJnu6Ag2JFc00t+HmHOen+8Q+L7O9zI0PqQXr20uk2J0XQqMxZEeo5U50o8Nvmmx7dZrl+Ufr35A=="
  "resolved" "https://registry.npmjs.org/assert/-/assert-2.0.0.tgz"
  "version" "2.0.0"
  dependencies:
    "es6-object-assign" "^1.1.0"
    "is-nan" "^1.2.1"
    "object-is" "^1.0.1"
    "util" "^0.12.0"

"available-typed-arrays@^1.0.5":
  "integrity" "sha512-DMD0KiN46eipeziST1LPP/STfDU0sufISXmjSgvVsoU2tqxctQeASejWcfNtxYKqETM1UxQ8sp2OrSBWpHY6sw=="
  "resolved" "https://registry.npmjs.org/available-typed-arrays/-/available-typed-arrays-1.0.5.tgz"
  "version" "1.0.5"

"base-x@^3.0.2":
  "integrity" "sha512-H7JU6iBHTal1gp56aKoaa//YUxEaAOUiydvrV/pILqIHXTtqxSkATOnDA2u+jZ/61sD+L/412+7kzXRtWukhpQ=="
  "resolved" "https://registry.npmjs.org/base-x/-/base-x-3.0.9.tgz"
  "version" "3.0.9"
  dependencies:
    "safe-buffer" "^5.0.1"

"base64-js@^1.3.1":
  "integrity" "sha512-AKpaYlHn8t4SVbOHCy+b5+KKgvR4vrsD8vbvrbiQJps7fKDTkjkDry6ji0rUJjC0kzbNePLwzxq8iypo41qeWA=="
  "resolved" "https://registry.npmjs.org/base64-js/-/base64-js-1.5.1.tgz"
  "version" "1.5.1"

"bignumber.js@^9.0.2":
  "integrity" "sha512-GAcQvbpsM0pUb0zw1EI0KhQEZ+lRwR5fYaAp3vPOYuP7aDvGy6cVN6XHLauvF8SOga2y0dcLcjt3iQDTSEliyw=="
  "resolved" "https://registry.npmjs.org/bignumber.js/-/bignumber.js-9.0.2.tgz"
  "version" "9.0.2"

"bn.js@^4.11.9":
  "integrity" "sha512-c98Bf3tPniI+scsdk237ku1Dc3ujXQTSgyiPUDEOe7tRkhrqridvh8klBv0HCEso1OLOYcHuCv/cS6DNxKH+ZA=="
  "resolved" "https://registry.npmjs.org/bn.js/-/bn.js-4.12.0.tgz"
  "version" "4.12.0"

"bn.js@^5.0.0":
  "integrity" "sha512-D7iWRBvnZE8ecXiLj/9wbxH7Tk79fAh8IHaTNq1RWRixsS02W+5qS+iE9yq6RYl0asXx5tw0bLhmT5pIfbSquw=="
  "resolved" "https://registry.npmjs.org/bn.js/-/bn.js-5.2.0.tgz"
  "version" "5.2.0"

"body-parser@1.19.1":
  "integrity" "sha512-8ljfQi5eBk8EJfECMrgqNGWPEY5jWP+1IzkzkGdFFEwFQZZyaZ21UqdaHktgiMlH0xLHqIFtE/u2OYE5dOtViA=="
  "resolved" "https://registry.npmjs.org/body-parser/-/body-parser-1.19.1.tgz"
  "version" "1.19.1"
  dependencies:
    "bytes" "3.1.1"
    "content-type" "~1.0.4"
    "debug" "2.6.9"
    "depd" "~1.1.2"
    "http-errors" "1.8.1"
    "iconv-lite" "0.4.24"
    "on-finished" "~2.3.0"
    "qs" "6.9.6"
    "raw-body" "2.4.2"
    "type-is" "~1.6.18"

"borsh@^0.4.0":
  "integrity" "sha512-aX6qtLya3K0AkT66CmYWCCDr77qsE9arV05OmdFpmat9qu8Pg9J5tBUPDztAW5fNh/d/MyVG/OYziP52Ndzx1g=="
  "resolved" "https://registry.npmjs.org/borsh/-/borsh-0.4.0.tgz"
  "version" "0.4.0"
  dependencies:
    "@types/bn.js" "^4.11.5"
    "bn.js" "^5.0.0"
    "bs58" "^4.0.0"
    "text-encoding-utf-8" "^1.0.2"

"brorand@^1.1.0":
  "integrity" "sha1-EsJe/kCkXjwyPrhnWgoM5XsiNx8="
  "resolved" "https://registry.npmjs.org/brorand/-/brorand-1.1.0.tgz"
  "version" "1.1.0"

"bs58@^4.0.0", "bs58@^4.0.1":
  "integrity" "sha1-vhYedsNU9veIrkBx9j806MTwpCo="
  "resolved" "https://registry.npmjs.org/bs58/-/bs58-4.0.1.tgz"
  "version" "4.0.1"
  dependencies:
    "base-x" "^3.0.2"

"buffer@^6.0.1", "buffer@~6.0.3":
  "integrity" "sha512-FTiCpNxtwiZZHEZbcbTIcZjERVICn9yq/pDFkTl95/AxzD1naBctN7YO68riM/gLSDY7sdrMby8hofADYuuqOA=="
  "resolved" "https://registry.npmjs.org/buffer/-/buffer-6.0.3.tgz"
  "version" "6.0.3"
  dependencies:
    "base64-js" "^1.3.1"
    "ieee754" "^1.2.1"

"buffer@6.0.1":
  "integrity" "sha512-rVAXBwEcEoYtxnHSO5iWyhzV/O1WMtkUYWlfdLS7FjU4PnSJJHEfHXi/uHPI5EwltmOA794gN3bm3/pzuctWjQ=="
  "resolved" "https://registry.npmjs.org/buffer/-/buffer-6.0.1.tgz"
  "version" "6.0.1"
  dependencies:
    "base64-js" "^1.3.1"
    "ieee754" "^1.2.1"

"bufferutil@^4.0.1":
  "integrity" "sha512-jduaYOYtnio4aIAyc6UbvPCVcgq7nYpVnucyxr6eCYg/Woad9Hf/oxxBRDnGGjPfjUm6j5O/uBWhIu4iLebFaw=="
  "resolved" "https://registry.npmjs.org/bufferutil/-/bufferutil-4.0.6.tgz"
  "version" "4.0.6"
  dependencies:
    "node-gyp-build" "^4.3.0"

"bytes@3.1.1":
  "integrity" "sha512-dWe4nWO/ruEOY7HkUJ5gFt1DCFV9zPRoJr8pV0/ASQermOZjtq8jMjOprC0Kd10GLN+l7xaUPvxzJFWtxGu8Fg=="
  "resolved" "https://registry.npmjs.org/bytes/-/bytes-3.1.1.tgz"
  "version" "3.1.1"

"call-bind@^1.0.0", "call-bind@^1.0.2":
  "integrity" "sha512-7O+FbCihrB5WGbFYesctwmTKae6rOiIzmz1icreWJ+0aA7LJfuqhEso2T9ncpcFtzMQtzXf2QGGueWJGTYsqrA=="
  "resolved" "https://registry.npmjs.org/call-bind/-/call-bind-1.0.2.tgz"
  "version" "1.0.2"
  dependencies:
    "function-bind" "^1.1.1"
    "get-intrinsic" "^1.0.2"

"circular-json@^0.5.9":
  "integrity" "sha512-4ivwqHpIFJZBuhN3g/pEcdbnGUywkBblloGbkglyloVjjR3uT6tieI89MVOfbP2tHX5sgb01FuLgAOzebNlJNQ=="
  "resolved" "https://registry.npmjs.org/circular-json/-/circular-json-0.5.9.tgz"
  "version" "0.5.9"

"commander@^2.20.3":
  "integrity" "sha512-GpVkmM8vF2vQUkj2LvZmD35JxeJOLCwJ9cUkugyk2nuhbv3+mJvpLYYt+0+USMxE+oj+ey/lJEnhZw75x/OMcQ=="
  "resolved" "https://registry.npmjs.org/commander/-/commander-2.20.3.tgz"
  "version" "2.20.3"

"content-disposition@0.5.4":
  "integrity" "sha512-FveZTNuGw04cxlAiWbzi6zTAL/lhehaWbTtgluJh4/E95DqMwTmha3KZN1aAWA8cFIhHzMZUvLevkw5Rqk+tSQ=="
  "resolved" "https://registry.npmjs.org/content-disposition/-/content-disposition-0.5.4.tgz"
  "version" "0.5.4"
  dependencies:
    "safe-buffer" "5.2.1"

"content-type@~1.0.4":
  "integrity" "sha512-hIP3EEPs8tB9AT1L+NUqtwOAps4mk2Zob89MWXMHjHWg9milF/j4osnnQLXBCBFBk/tvIG/tUc9mOUJiPBhPXA=="
  "resolved" "https://registry.npmjs.org/content-type/-/content-type-1.0.4.tgz"
  "version" "1.0.4"

"cookie-signature@1.0.6":
  "integrity" "sha1-4wOogrNCzD7oylE6eZmXNNqzriw="
  "resolved" "https://registry.npmjs.org/cookie-signature/-/cookie-signature-1.0.6.tgz"
  "version" "1.0.6"

"cookie@0.4.1":
  "integrity" "sha512-ZwrFkGJxUR3EIoXtO+yVE69Eb7KlixbaeAWfBQB9vVsNn/o+Yw69gBWSSDK825hQNdN+wF8zELf3dFNl/kxkUA=="
  "resolved" "https://registry.npmjs.org/cookie/-/cookie-0.4.1.tgz"
  "version" "0.4.1"

"cross-fetch@^3.1.4":
  "integrity" "sha512-1eAtFWdIubi6T4XPy6ei9iUFoKpUkIF971QLN8lIvvvwueI65+Nw5haMNKUwfJxabqlIIDODJKGrQ66gxC0PbQ=="
  "resolved" "https://registry.npmjs.org/cross-fetch/-/cross-fetch-3.1.4.tgz"
  "version" "3.1.4"
  dependencies:
    "node-fetch" "2.6.1"

"debug@2.6.9":
  "integrity" "sha512-bC7ElrdJaJnPbAP+1EotYvqZsb3ecl5wi6Bfi6BJTUcNowp6cvspg0jXznRTKDjm/E7AdgFBVeAPVMNcKGsHMA=="
  "resolved" "https://registry.npmjs.org/debug/-/debug-2.6.9.tgz"
  "version" "2.6.9"
  dependencies:
    "ms" "2.0.0"

"define-properties@^1.1.3":
  "integrity" "sha512-3MqfYKj2lLzdMSf8ZIZE/V+Zuy+BgD6f164e8K2w7dgnpKArBDerGYpM46IYYcjnkdPNMjPk9A6VFB8+3SKlXQ=="
  "resolved" "https://registry.npmjs.org/define-properties/-/define-properties-1.1.3.tgz"
  "version" "1.1.3"
  dependencies:
    "object-keys" "^1.0.12"

"delay@^5.0.0":
  "integrity" "sha512-ReEBKkIfe4ya47wlPYf/gu5ib6yUG0/Aez0JQZQz94kiWtRQvZIQbTiehsnwHvLSWJnQdhVeqYue7Id1dKr0qw=="
  "resolved" "https://registry.npmjs.org/delay/-/delay-5.0.0.tgz"
  "version" "5.0.0"

"depd@~1.1.2":
  "integrity" "sha1-m81S4UwJd2PnSbJ0xDRu0uVgtak="
  "resolved" "https://registry.npmjs.org/depd/-/depd-1.1.2.tgz"
  "version" "1.1.2"

"destroy@~1.0.4":
  "integrity" "sha1-l4hXRCxEdJ5CBmE+N5RiBYJqvYA="
  "resolved" "https://registry.npmjs.org/destroy/-/destroy-1.0.4.tgz"
  "version" "1.0.4"

"ee-first@1.1.1":
  "integrity" "sha1-WQxhFWsK4vTwJVcyoViyZrxWsh0="
  "resolved" "https://registry.npmjs.org/ee-first/-/ee-first-1.1.1.tgz"
  "version" "1.1.1"

"elliptic@^6.5.4":
  "integrity" "sha512-iLhC6ULemrljPZb+QutR5TQGB+pdW6KGD5RSegS+8sorOZT+rdQFbsQFJgvN3eRqNALqJer4oQ16YvJHlU8hzQ=="
  "resolved" "https://registry.npmjs.org/elliptic/-/elliptic-6.5.4.tgz"
  "version" "6.5.4"
  dependencies:
    "bn.js" "^4.11.9"
    "brorand" "^1.1.0"
    "hash.js" "^1.0.0"
    "hmac-drbg" "^1.0.1"
    "inherits" "^2.0.4"
    "minimalistic-assert" "^1.0.1"
    "minimalistic-crypto-utils" "^1.0.1"

"encodeurl@~1.0.2":
  "integrity" "sha1-rT/0yG7C0CkyL1oCw6mmBslbP1k="
  "resolved" "https://registry.npmjs.org/encodeurl/-/encodeurl-1.0.2.tgz"
  "version" "1.0.2"

"es-abstract@^1.18.5":
  "integrity" "sha512-2vJ6tjA/UfqLm2MPs7jxVybLoB8i1t1Jd9R3kISld20sIxPcTbLuggQOUxeWeAvIUkduv/CfMjuh4WmiXr2v9w=="
  "resolved" "https://registry.npmjs.org/es-abstract/-/es-abstract-1.19.1.tgz"
  "version" "1.19.1"
  dependencies:
    "call-bind" "^1.0.2"
    "es-to-primitive" "^1.2.1"
    "function-bind" "^1.1.1"
    "get-intrinsic" "^1.1.1"
    "get-symbol-description" "^1.0.0"
    "has" "^1.0.3"
    "has-symbols" "^1.0.2"
    "internal-slot" "^1.0.3"
    "is-callable" "^1.2.4"
    "is-negative-zero" "^2.0.1"
    "is-regex" "^1.1.4"
    "is-shared-array-buffer" "^1.0.1"
    "is-string" "^1.0.7"
    "is-weakref" "^1.0.1"
    "object-inspect" "^1.11.0"
    "object-keys" "^1.1.1"
    "object.assign" "^4.1.2"
    "string.prototype.trimend" "^1.0.4"
    "string.prototype.trimstart" "^1.0.4"
    "unbox-primitive" "^1.0.1"

"es-to-primitive@^1.2.1":
  "integrity" "sha512-QCOllgZJtaUo9miYBcLChTUaHNjJF3PYs1VidD7AwiEj1kYxKeQTctLAezAOH5ZKRH0g2IgPn6KwB4IT8iRpvA=="
  "resolved" "https://registry.npmjs.org/es-to-primitive/-/es-to-primitive-1.2.1.tgz"
  "version" "1.2.1"
  dependencies:
    "is-callable" "^1.1.4"
    "is-date-object" "^1.0.1"
    "is-symbol" "^1.0.2"

"es6-object-assign@^1.1.0":
  "integrity" "sha1-wsNYJlYkfDnqEHyx5mUrb58kUjw="
  "resolved" "https://registry.npmjs.org/es6-object-assign/-/es6-object-assign-1.1.0.tgz"
  "version" "1.1.0"

"es6-promise@^4.0.3":
  "integrity" "sha512-HJDGx5daxeIvxdBxvG2cb9g4tEvwIk3i8+nhX0yGrYmZUzbkdg8QbDevheDB8gd0//uPj4c1EQua8Q+MViT0/w=="
  "resolved" "https://registry.npmjs.org/es6-promise/-/es6-promise-4.2.8.tgz"
  "version" "4.2.8"

"es6-promisify@^5.0.0":
  "integrity" "sha1-UQnWLz5W6pZ8S2NQWu8IKRyKUgM="
  "resolved" "https://registry.npmjs.org/es6-promisify/-/es6-promisify-5.0.0.tgz"
  "version" "5.0.0"
  dependencies:
    "es6-promise" "^4.0.3"

"escape-html@~1.0.3":
  "integrity" "sha1-Aljq5NPQwJdN4cFpGI7wBR0dGYg="
  "resolved" "https://registry.npmjs.org/escape-html/-/escape-html-1.0.3.tgz"
  "version" "1.0.3"

"etag@~1.8.1":
  "integrity" "sha1-Qa4u62XvpiJorr/qg6x9eSmbCIc="
  "resolved" "https://registry.npmjs.org/etag/-/etag-1.8.1.tgz"
  "version" "1.8.1"

"eventemitter3@^4.0.7":
  "integrity" "sha512-8guHBZCwKnFhYdHr2ysuRWErTwhoN2X8XELRlrRwpmfeY2jjuUN4taQMsULKUVo1K4DvZl+0pgfyoysHxvmvEw=="
  "resolved" "https://registry.npmjs.org/eventemitter3/-/eventemitter3-4.0.7.tgz"
  "version" "4.0.7"

"express@^4.17.2":
  "integrity" "sha512-oxlxJxcQlYwqPWKVJJtvQiwHgosH/LrLSPA+H4UxpyvSS6jC5aH+5MoHFM+KABgTOt0APue4w66Ha8jCUo9QGg=="
  "resolved" "https://registry.npmjs.org/express/-/express-4.17.2.tgz"
  "version" "4.17.2"
  dependencies:
    "accepts" "~1.3.7"
    "array-flatten" "1.1.1"
    "body-parser" "1.19.1"
    "content-disposition" "0.5.4"
    "content-type" "~1.0.4"
    "cookie" "0.4.1"
    "cookie-signature" "1.0.6"
    "debug" "2.6.9"
    "depd" "~1.1.2"
    "encodeurl" "~1.0.2"
    "escape-html" "~1.0.3"
    "etag" "~1.8.1"
    "finalhandler" "~1.1.2"
    "fresh" "0.5.2"
    "merge-descriptors" "1.0.1"
    "methods" "~1.1.2"
    "on-finished" "~2.3.0"
    "parseurl" "~1.3.3"
    "path-to-regexp" "0.1.7"
    "proxy-addr" "~2.0.7"
    "qs" "6.9.6"
    "range-parser" "~1.2.1"
    "safe-buffer" "5.2.1"
    "send" "0.17.2"
    "serve-static" "1.14.2"
    "setprototypeof" "1.2.0"
    "statuses" "~1.5.0"
    "type-is" "~1.6.18"
    "utils-merge" "1.0.1"
    "vary" "~1.1.2"

"eyes@^0.1.8":
  "integrity" "sha1-Ys8SAjTGg3hdkCNIqADvPgzCC8A="
  "resolved" "https://registry.npmjs.org/eyes/-/eyes-0.1.8.tgz"
  "version" "0.1.8"

"finalhandler@~1.1.2":
  "integrity" "sha512-aAWcW57uxVNrQZqFXjITpW3sIUQmHGG3qSb9mUah9MgMC4NeWhNOlNjXEYq3HjRAvL6arUviZGGJsBg6z0zsWA=="
  "resolved" "https://registry.npmjs.org/finalhandler/-/finalhandler-1.1.2.tgz"
  "version" "1.1.2"
  dependencies:
    "debug" "2.6.9"
    "encodeurl" "~1.0.2"
    "escape-html" "~1.0.3"
    "on-finished" "~2.3.0"
    "parseurl" "~1.3.3"
    "statuses" "~1.5.0"
    "unpipe" "~1.0.0"

"foreach@^2.0.5":
  "integrity" "sha1-C+4AUBiusmDQo6865ljdATbsG5k="
  "resolved" "https://registry.npmjs.org/foreach/-/foreach-2.0.5.tgz"
  "version" "2.0.5"

"forwarded@0.2.0":
  "integrity" "sha512-buRG0fpBtRHSTCOASe6hD258tEubFoRLb4ZNA6NxMVHNw2gOcwHo9wyablzMzOA5z9xA9L1KNjk/Nt6MT9aYow=="
  "resolved" "https://registry.npmjs.org/forwarded/-/forwarded-0.2.0.tgz"
  "version" "0.2.0"

"fresh@0.5.2":
  "integrity" "sha1-PYyt2Q2XZWn6g1qx+OSyOhBWBac="
  "resolved" "https://registry.npmjs.org/fresh/-/fresh-0.5.2.tgz"
  "version" "0.5.2"

"function-bind@^1.1.1":
  "integrity" "sha512-yIovAzMX49sF8Yl58fSCWJ5svSLuaibPxXQJFLmBObTuCr0Mf1KiPopGM9NiFjiYBCbfaa2Fh6breQ6ANVTI0A=="
  "resolved" "https://registry.npmjs.org/function-bind/-/function-bind-1.1.1.tgz"
  "version" "1.1.1"

"get-intrinsic@^1.0.2", "get-intrinsic@^1.1.0", "get-intrinsic@^1.1.1":
  "integrity" "sha512-kWZrnVM42QCiEA2Ig1bG8zjoIMOgxWwYCEeNdwY6Tv/cOSeGpcoX4pXHfKUxNKVoArnrEr2e9srnAxxGIraS9Q=="
  "resolved" "https://registry.npmjs.org/get-intrinsic/-/get-intrinsic-1.1.1.tgz"
  "version" "1.1.1"
  dependencies:
    "function-bind" "^1.1.1"
    "has" "^1.0.3"
    "has-symbols" "^1.0.1"

"get-symbol-description@^1.0.0":
  "integrity" "sha512-2EmdH1YvIQiZpltCNgkuiUnyukzxM/R6NDJX31Ke3BG1Nq5b0S2PhX59UKi9vZpPDQVdqn+1IcaAwnzTT5vCjw=="
  "resolved" "https://registry.npmjs.org/get-symbol-description/-/get-symbol-description-1.0.0.tgz"
  "version" "1.0.0"
  dependencies:
    "call-bind" "^1.0.2"
    "get-intrinsic" "^1.1.1"

"has-bigints@^1.0.1":
  "integrity" "sha512-LSBS2LjbNBTf6287JEbEzvJgftkF5qFkmCo9hDRpAzKhUOlJ+hx8dd4USs00SgsUNwc4617J9ki5YtEClM2ffA=="
  "resolved" "https://registry.npmjs.org/has-bigints/-/has-bigints-1.0.1.tgz"
  "version" "1.0.1"

"has-symbols@^1.0.1", "has-symbols@^1.0.2":
  "integrity" "sha512-chXa79rL/UC2KlX17jo3vRGz0azaWEx5tGqZg5pO3NUyEJVB17dMruQlzCCOfUvElghKcm5194+BCRvi2Rv/Gw=="
  "resolved" "https://registry.npmjs.org/has-symbols/-/has-symbols-1.0.2.tgz"
  "version" "1.0.2"

"has-tostringtag@^1.0.0":
  "integrity" "sha512-kFjcSNhnlGV1kyoGk7OXKSawH5JOb/LzUc5w9B02hOTO0dfFRjbHQKvg1d6cf3HbeUmtU9VbbV3qzZ2Teh97WQ=="
  "resolved" "https://registry.npmjs.org/has-tostringtag/-/has-tostringtag-1.0.0.tgz"
  "version" "1.0.0"
  dependencies:
    "has-symbols" "^1.0.2"

"has@^1.0.3":
  "integrity" "sha512-f2dvO0VU6Oej7RkWJGrehjbzMAjFp5/VKPp5tTpWIV4JHHZK1/BxbFRtf/siA2SWTe09caDmVtYYzWEIbBS4zw=="
  "resolved" "https://registry.npmjs.org/has/-/has-1.0.3.tgz"
  "version" "1.0.3"
  dependencies:
    "function-bind" "^1.1.1"

"hash.js@^1.0.0", "hash.js@^1.0.3", "hash.js@1.1.7":
  "integrity" "sha512-taOaskGt4z4SOANNseOviYDvjEJinIkRgmp7LbKP2YTTmVxWBl87s/uzK9r+44BclBSp2X7K1hqeNfz9JbBeXA=="
  "resolved" "https://registry.npmjs.org/hash.js/-/hash.js-1.1.7.tgz"
  "version" "1.1.7"
  dependencies:
    "inherits" "^2.0.3"
    "minimalistic-assert" "^1.0.1"

"hmac-drbg@^1.0.1":
  "integrity" "sha1-0nRXAQJabHdabFRXk+1QL8DGSaE="
  "resolved" "https://registry.npmjs.org/hmac-drbg/-/hmac-drbg-1.0.1.tgz"
  "version" "1.0.1"
  dependencies:
    "hash.js" "^1.0.3"
    "minimalistic-assert" "^1.0.0"
    "minimalistic-crypto-utils" "^1.0.1"

"http-errors@1.8.1":
  "integrity" "sha512-Kpk9Sm7NmI+RHhnj6OIWDI1d6fIoFAtFt9RLaTMRlg/8w49juAStsrBgp0Dp4OdxdVbRIeKhtCUvoi/RuAhO4g=="
  "resolved" "https://registry.npmjs.org/http-errors/-/http-errors-1.8.1.tgz"
  "version" "1.8.1"
  dependencies:
    "depd" "~1.1.2"
    "inherits" "2.0.4"
    "setprototypeof" "1.2.0"
    "statuses" ">= 1.5.0 < 2"
    "toidentifier" "1.0.1"

"iconv-lite@0.4.24":
  "integrity" "sha512-v3MXnZAcvnywkTUEZomIActle7RXXeedOR31wwl7VlyoXO4Qi9arvSenNQWne1TcRwhCL1HwLI21bEqdpj8/rA=="
  "resolved" "https://registry.npmjs.org/iconv-lite/-/iconv-lite-0.4.24.tgz"
  "version" "0.4.24"
  dependencies:
    "safer-buffer" ">= 2.1.2 < 3"

"ieee754@^1.2.1":
  "integrity" "sha512-dcyqhDvX1C46lXZcVqCpK+FtMRQVdIMN6/Df5js2zouUsqG7I6sFxitIC+7KYK29KdXOLHdu9zL4sFnoVQnqaA=="
  "resolved" "https://registry.npmjs.org/ieee754/-/ieee754-1.2.1.tgz"
  "version" "1.2.1"

"inherits@^2.0.3", "inherits@^2.0.4", "inherits@2.0.4":
  "integrity" "sha512-k/vGaX4/Yla3WzyMCvTQOXYeIHvqOKtnqBduzTHpzpQZzAskKMhZ2K+EnBiSM9zGSoIFeMpXKxa4dYeZIQqewQ=="
  "resolved" "https://registry.npmjs.org/inherits/-/inherits-2.0.4.tgz"
  "version" "2.0.4"

"internal-slot@^1.0.3":
  "integrity" "sha512-O0DB1JC/sPyZl7cIo78n5dR7eUSwwpYPiXRhTzNxZVAMUuB8vlnRFyLxdrVToks6XPLVnFfbzaVd5WLjhgg+vA=="
  "resolved" "https://registry.npmjs.org/internal-slot/-/internal-slot-1.0.3.tgz"
  "version" "1.0.3"
  dependencies:
    "get-intrinsic" "^1.1.0"
    "has" "^1.0.3"
    "side-channel" "^1.0.4"

"ipaddr.js@1.9.1":
  "integrity" "sha512-0KI/607xoxSToH7GjN1FfSbLoU0+btTicjsQSWQlh/hZykN8KpmMf7uYwPW3R+akZ6R/w18ZlXSHBYXiYUPO3g=="
  "resolved" "https://registry.npmjs.org/ipaddr.js/-/ipaddr.js-1.9.1.tgz"
  "version" "1.9.1"

"is-arguments@^1.0.4":
  "integrity" "sha512-8Q7EARjzEnKpt/PCD7e1cgUS0a6X8u5tdSiMqXhojOdoV9TsMsiO+9VLC5vAmO8N7/GmXn7yjR8qnA6bVAEzfA=="
  "resolved" "https://registry.npmjs.org/is-arguments/-/is-arguments-1.1.1.tgz"
  "version" "1.1.1"
  dependencies:
    "call-bind" "^1.0.2"
    "has-tostringtag" "^1.0.0"

"is-bigint@^1.0.1":
  "integrity" "sha512-zB9CruMamjym81i2JZ3UMn54PKGsQzsJeo6xvN3HJJ4CAsQNB6iRutp2To77OfCNuoxspsIhzaPoO1zyCEhFOg=="
  "resolved" "https://registry.npmjs.org/is-bigint/-/is-bigint-1.0.4.tgz"
  "version" "1.0.4"
  dependencies:
    "has-bigints" "^1.0.1"

"is-boolean-object@^1.1.0":
  "integrity" "sha512-gDYaKHJmnj4aWxyj6YHyXVpdQawtVLHU5cb+eztPGczf6cjuTdwve5ZIEfgXqH4e57An1D1AKf8CZ3kYrQRqYA=="
  "resolved" "https://registry.npmjs.org/is-boolean-object/-/is-boolean-object-1.1.2.tgz"
  "version" "1.1.2"
  dependencies:
    "call-bind" "^1.0.2"
    "has-tostringtag" "^1.0.0"

"is-callable@^1.1.4", "is-callable@^1.2.4":
  "integrity" "sha512-nsuwtxZfMX67Oryl9LCQ+upnC0Z0BgpwntpS89m1H/TLF0zNfzfLMV/9Wa/6MZsj0acpEjAO0KF1xT6ZdLl95w=="
  "resolved" "https://registry.npmjs.org/is-callable/-/is-callable-1.2.4.tgz"
  "version" "1.2.4"

"is-date-object@^1.0.1":
  "integrity" "sha512-9YQaSxsAiSwcvS33MBk3wTCVnWK+HhF8VZR2jRxehM16QcVOdHqPn4VPHmRK4lSr38n9JriurInLcP90xsYNfQ=="
  "resolved" "https://registry.npmjs.org/is-date-object/-/is-date-object-1.0.5.tgz"
  "version" "1.0.5"
  dependencies:
    "has-tostringtag" "^1.0.0"

"is-generator-function@^1.0.7":
  "integrity" "sha512-jsEjy9l3yiXEQ+PsXdmBwEPcOxaXWLspKdplFUVI9vq1iZgIekeC0L167qeu86czQaxed3q/Uzuw0swL0irL8A=="
  "resolved" "https://registry.npmjs.org/is-generator-function/-/is-generator-function-1.0.10.tgz"
  "version" "1.0.10"
  dependencies:
    "has-tostringtag" "^1.0.0"

"is-nan@^1.2.1":
  "integrity" "sha512-E+zBKpQ2t6MEo1VsonYmluk9NxGrbzpeeLC2xIViuO2EjU2xsXsBPwTr3Ykv9l08UYEVEdWeRZNouaZqF6RN0w=="
  "resolved" "https://registry.npmjs.org/is-nan/-/is-nan-1.3.2.tgz"
  "version" "1.3.2"
  dependencies:
    "call-bind" "^1.0.0"
    "define-properties" "^1.1.3"

"is-negative-zero@^2.0.1":
  "integrity" "sha512-dqJvarLawXsFbNDeJW7zAz8ItJ9cd28YufuuFzh0G8pNHjJMnY08Dv7sYX2uF5UpQOwieAeOExEYAWWfu7ZZUA=="
  "resolved" "https://registry.npmjs.org/is-negative-zero/-/is-negative-zero-2.0.2.tgz"
  "version" "2.0.2"

"is-number-object@^1.0.4":
  "integrity" "sha512-bEVOqiRcvo3zO1+G2lVMy+gkkEm9Yh7cDMRusKKu5ZJKPUYSJwICTKZrNKHA2EbSP0Tu0+6B/emsYNHZyn6K8g=="
  "resolved" "https://registry.npmjs.org/is-number-object/-/is-number-object-1.0.6.tgz"
  "version" "1.0.6"
  dependencies:
    "has-tostringtag" "^1.0.0"

"is-regex@^1.1.4":
  "integrity" "sha512-kvRdxDsxZjhzUX07ZnLydzS1TU/TJlTUHHY4YLL87e37oUA49DfkLqgy+VjFocowy29cKvcSiu+kIv728jTTVg=="
  "resolved" "https://registry.npmjs.org/is-regex/-/is-regex-1.1.4.tgz"
  "version" "1.1.4"
  dependencies:
    "call-bind" "^1.0.2"
    "has-tostringtag" "^1.0.0"

"is-shared-array-buffer@^1.0.1":
  "integrity" "sha512-IU0NmyknYZN0rChcKhRO1X8LYz5Isj/Fsqh8NJOSf+N/hCOTwy29F32Ik7a+QszE63IdvmwdTPDd6cZ5pg4cwA=="
  "resolved" "https://registry.npmjs.org/is-shared-array-buffer/-/is-shared-array-buffer-1.0.1.tgz"
  "version" "1.0.1"

"is-string@^1.0.5", "is-string@^1.0.7":
  "integrity" "sha512-tE2UXzivje6ofPW7l23cjDOMa09gb7xlAqG6jG5ej6uPV32TlWP3NKPigtaGeHNu9fohccRYvIiZMfOOnOYUtg=="
  "resolved" "https://registry.npmjs.org/is-string/-/is-string-1.0.7.tgz"
  "version" "1.0.7"
  dependencies:
    "has-tostringtag" "^1.0.0"

"is-symbol@^1.0.2", "is-symbol@^1.0.3":
  "integrity" "sha512-C/CPBqKWnvdcxqIARxyOh4v1UUEOCHpgDa0WYgpKDFMszcrPcffg5uhwSgPCLD2WWxmq6isisz87tzT01tuGhg=="
  "resolved" "https://registry.npmjs.org/is-symbol/-/is-symbol-1.0.4.tgz"
  "version" "1.0.4"
  dependencies:
    "has-symbols" "^1.0.2"

"is-typed-array@^1.1.3", "is-typed-array@^1.1.7":
  "integrity" "sha512-HqH41TNZq2fgtGT8WHVFVJhBVGuY3AnP3Q36K8JKXUxSxRgk/d+7NjmwG2vo2mYmXK8UYZKu0qH8bVP5gEisjA=="
  "resolved" "https://registry.npmjs.org/is-typed-array/-/is-typed-array-1.1.8.tgz"
  "version" "1.1.8"
  dependencies:
    "available-typed-arrays" "^1.0.5"
    "call-bind" "^1.0.2"
    "es-abstract" "^1.18.5"
    "foreach" "^2.0.5"
    "has-tostringtag" "^1.0.0"

"is-weakref@^1.0.1":
  "integrity" "sha512-qctsuLZmIQ0+vSSMfoVvyFe2+GSEvnmZ2ezTup1SBse9+twCCeial6EEi3Nc2KFcf6+qz2FBPnjXsk8xhKSaPQ=="
  "resolved" "https://registry.npmjs.org/is-weakref/-/is-weakref-1.0.2.tgz"
  "version" "1.0.2"
  dependencies:
    "call-bind" "^1.0.2"

"isomorphic-ws@^4.0.1":
  "integrity" "sha512-BhBvN2MBpWTaSHdWRb/bwdZJ1WaehQ2L1KngkCkfLUGF0mAWAT1sQUQacEmQ0jXkFw/czDXPNQSL5u2/Krsz1w=="
  "resolved" "https://registry.npmjs.org/isomorphic-ws/-/isomorphic-ws-4.0.1.tgz"
  "version" "4.0.1"

"jayson@^3.4.4":
  "integrity" "sha512-f71uvrAWTtrwoww6MKcl9phQTC+56AopLyEenWvKVAIMz+q0oVGj6tenLZ7Z6UiPBkJtKLj4kt0tACllFQruGQ=="
  "resolved" "https://registry.npmjs.org/jayson/-/jayson-3.6.6.tgz"
  "version" "3.6.6"
  dependencies:
    "@types/connect" "^3.4.33"
    "@types/express-serve-static-core" "^4.17.9"
    "@types/lodash" "^4.14.159"
    "@types/node" "^12.12.54"
    "@types/ws" "^7.4.4"
    "commander" "^2.20.3"
    "delay" "^5.0.0"
    "es6-promisify" "^5.0.0"
    "eyes" "^0.1.8"
    "isomorphic-ws" "^4.0.1"
    "json-stringify-safe" "^5.0.1"
    "JSONStream" "^1.3.5"
    "lodash" "^4.17.20"
    "uuid" "^8.3.2"
    "ws" "^7.4.5"

"js-sha3@^0.8.0":
  "integrity" "sha512-gF1cRrHhIzNfToc802P800N8PpXS+evLLXfsVpowqmAFR9uwbi89WvXg2QspOmXL8QL86J4T1EpFu+yUkwJY3Q=="
  "resolved" "https://registry.npmjs.org/js-sha3/-/js-sha3-0.8.0.tgz"
  "version" "0.8.0"

"json-stringify-safe@^5.0.1":
  "integrity" "sha1-Epai1Y/UXxmg9s4B1lcB4sc1tus="
  "resolved" "https://registry.npmjs.org/json-stringify-safe/-/json-stringify-safe-5.0.1.tgz"
  "version" "5.0.1"

"jsonparse@^1.2.0":
  "integrity" "sha1-P02uSpH6wxX3EGL4UhzCOfE2YoA="
  "resolved" "https://registry.npmjs.org/jsonparse/-/jsonparse-1.3.1.tgz"
  "version" "1.3.1"

"JSONStream@^1.3.5":
  "integrity" "sha512-E+iruNOY8VV9s4JEbe1aNEm6MiszPRr/UfcHMz0TQh1BXSxHK+ASV1R6W4HpjBhSeS+54PIsAMCBmwD06LLsqQ=="
  "resolved" "https://registry.npmjs.org/JSONStream/-/JSONStream-1.3.5.tgz"
  "version" "1.3.5"
  dependencies:
    "jsonparse" "^1.2.0"
    "through" ">=2.2.7 <3"

"lodash@^4.17.20":
  "integrity" "sha512-v2kDEe57lecTulaDIuNTPy3Ry4gLGJ6Z1O3vE1krgXZNrsQ+LFTGHVxVjcXPs17LhbZVGedAJv8XZ1tvj5FvSg=="
  "resolved" "https://registry.npmjs.org/lodash/-/lodash-4.17.21.tgz"
  "version" "4.17.21"

"media-typer@0.3.0":
  "integrity" "sha1-hxDXrwqmJvj/+hzgAWhUUmMlV0g="
  "resolved" "https://registry.npmjs.org/media-typer/-/media-typer-0.3.0.tgz"
  "version" "0.3.0"

"merge-descriptors@1.0.1":
  "integrity" "sha1-sAqqVW3YtEVoFQ7J0blT8/kMu2E="
  "resolved" "https://registry.npmjs.org/merge-descriptors/-/merge-descriptors-1.0.1.tgz"
  "version" "1.0.1"

"methods@~1.1.2":
  "integrity" "sha1-VSmk1nZUE07cxSZmVoNbD4Ua/O4="
  "resolved" "https://registry.npmjs.org/methods/-/methods-1.1.2.tgz"
  "version" "1.1.2"

"mime-db@1.51.0":
  "integrity" "sha512-5y8A56jg7XVQx2mbv1lu49NR4dokRnhZYTtL+KGfaa27uq4pSTXkwQkFJl4pkRMyNFz/EtYDSkiiEHx3F7UN6g=="
  "resolved" "https://registry.npmjs.org/mime-db/-/mime-db-1.51.0.tgz"
  "version" "1.51.0"

"mime-types@~2.1.24":
  "integrity" "sha512-6cP692WwGIs9XXdOO4++N+7qjqv0rqxxVvJ3VHPh/Sc9mVZcQP+ZGhkKiTvWMQRr2tbHkJP/Yn7Y0npb3ZBs4A=="
  "resolved" "https://registry.npmjs.org/mime-types/-/mime-types-2.1.34.tgz"
  "version" "2.1.34"
  dependencies:
    "mime-db" "1.51.0"

"mime@1.6.0":
  "integrity" "sha512-x0Vn8spI+wuJ1O6S7gnbaQg8Pxh4NNHb7KSINmEWKiPE4RKOplvijn+NkmYmmRgP68mc70j2EbeTFRsrswaQeg=="
  "resolved" "https://registry.npmjs.org/mime/-/mime-1.6.0.tgz"
  "version" "1.6.0"

"minimalistic-assert@^1.0.0", "minimalistic-assert@^1.0.1":
  "integrity" "sha512-UtJcAD4yEaGtjPezWuO9wC4nwUnVH/8/Im3yEHQP4b67cXlD/Qr9hdITCU1xDbSEXg2XKNaP8jsReV7vQd00/A=="
  "resolved" "https://registry.npmjs.org/minimalistic-assert/-/minimalistic-assert-1.0.1.tgz"
  "version" "1.0.1"

"minimalistic-crypto-utils@^1.0.1":
  "integrity" "sha1-9sAMHAsIIkblxNmd+4x8CDsrWCo="
  "resolved" "https://registry.npmjs.org/minimalistic-crypto-utils/-/minimalistic-crypto-utils-1.0.1.tgz"
  "version" "1.0.1"

"ms@2.0.0":
  "integrity" "sha1-VgiurfwAvmwpAd9fmGF4jeDVl8g="
  "resolved" "https://registry.npmjs.org/ms/-/ms-2.0.0.tgz"
  "version" "2.0.0"

"ms@2.1.3":
  "integrity" "sha512-6FlzubTLZG3J2a/NVCAleEhjzq5oxgHyaCU9yYXvcLsvoVaHJq/s5xXI6/XXP6tz7R9xAOtHnSO/tXtF3WRTlA=="
  "resolved" "https://registry.npmjs.org/ms/-/ms-2.1.3.tgz"
  "version" "2.1.3"

"negotiator@0.6.2":
  "integrity" "sha512-hZXc7K2e+PgeI1eDBe/10Ard4ekbfrrqG8Ep+8Jmf4JID2bNg7NvCPOZN+kfF574pFQI7mum2AUqDidoKqcTOw=="
  "resolved" "https://registry.npmjs.org/negotiator/-/negotiator-0.6.2.tgz"
  "version" "0.6.2"

"node-addon-api@^2.0.0":
  "integrity" "sha512-Ntyt4AIXyaLIuMHF6IOoTakB3K+RWxwtsHNRxllEoA6vPwP9o4866g6YWDLUdnucilZhmkxiHwHr11gAENw+QA=="
  "resolved" "https://registry.npmjs.org/node-addon-api/-/node-addon-api-2.0.2.tgz"
  "version" "2.0.2"

"node-fetch@2.6.1":
  "integrity" "sha512-V4aYg89jEoVRxRb2fJdAg8FHvI7cEyYdVAh94HH0UIK8oJxUfkjlDQN9RbMx+bEjP7+ggMiFRprSti032Oipxw=="
  "resolved" "https://registry.npmjs.org/node-fetch/-/node-fetch-2.6.1.tgz"
  "version" "2.6.1"

"node-gyp-build@^4.2.0", "node-gyp-build@^4.3.0":
  "integrity" "sha512-iWjXZvmboq0ja1pUGULQBexmxq8CV4xBhX7VDOTbL7ZR4FOowwY/VOtRxBN/yKxmdGoIp4j5ysNT4u3S2pDQ3Q=="
  "resolved" "https://registry.npmjs.org/node-gyp-build/-/node-gyp-build-4.3.0.tgz"
  "version" "4.3.0"

"object-inspect@^1.11.0", "object-inspect@^1.9.0":
  "integrity" "sha512-Ho2z80bVIvJloH+YzRmpZVQe87+qASmBUKZDWgx9cu+KDrX2ZDH/3tMy+gXbZETVGs2M8YdxObOh7XAtim9Y0g=="
  "resolved" "https://registry.npmjs.org/object-inspect/-/object-inspect-1.12.0.tgz"
  "version" "1.12.0"

"object-is@^1.0.1":
  "integrity" "sha512-3cyDsyHgtmi7I7DfSSI2LDp6SK2lwvtbg0p0R1e0RvTqF5ceGx+K2dfSjm1bKDMVCFEDAQvy+o8c6a7VujOddw=="
  "resolved" "https://registry.npmjs.org/object-is/-/object-is-1.1.5.tgz"
  "version" "1.1.5"
  dependencies:
    "call-bind" "^1.0.2"
    "define-properties" "^1.1.3"

"object-keys@^1.0.12", "object-keys@^1.1.1":
  "integrity" "sha512-NuAESUOUMrlIXOfHKzD6bpPu3tYt3xvjNdRIQ+FeT0lNb4K8WR70CaDxhuNguS2XG+GjkyMwOzsN5ZktImfhLA=="
  "resolved" "https://registry.npmjs.org/object-keys/-/object-keys-1.1.1.tgz"
  "version" "1.1.1"

"object.assign@^4.1.2":
  "integrity" "sha512-ixT2L5THXsApyiUPYKmW+2EHpXXe5Ii3M+f4e+aJFAHao5amFRW6J0OO6c/LU8Be47utCx2GL89hxGB6XSmKuQ=="
  "resolved" "https://registry.npmjs.org/object.assign/-/object.assign-4.1.2.tgz"
  "version" "4.1.2"
  dependencies:
    "call-bind" "^1.0.0"
    "define-properties" "^1.1.3"
    "has-symbols" "^1.0.1"
    "object-keys" "^1.1.1"

"on-finished@~2.3.0":
  "integrity" "sha1-IPEzZIGwg811M3mSoWlxqi2QaUc="
  "resolved" "https://registry.npmjs.org/on-finished/-/on-finished-2.3.0.tgz"
  "version" "2.3.0"
  dependencies:
    "ee-first" "1.1.1"

"parseurl@~1.3.3":
  "integrity" "sha512-CiyeOxFT/JZyN5m0z9PfXw4SCBJ6Sygz1Dpl0wqjlhDEGGBP1GnsUVEL0p63hoG1fcj3fHynXi9NYO4nWOL+qQ=="
  "resolved" "https://registry.npmjs.org/parseurl/-/parseurl-1.3.3.tgz"
  "version" "1.3.3"

"path-to-regexp@0.1.7":
  "integrity" "sha1-32BBeABfUi8V60SQ5yR6G/qmf4w="
  "resolved" "https://registry.npmjs.org/path-to-regexp/-/path-to-regexp-0.1.7.tgz"
  "version" "0.1.7"

"proxy-addr@~2.0.7":
  "integrity" "sha512-llQsMLSUDUPT44jdrU/O37qlnifitDP+ZwrmmZcoSKyLKvtZxpyV0n2/bD/N4tBAAZ/gJEdZU7KMraoK1+XYAg=="
  "resolved" "https://registry.npmjs.org/proxy-addr/-/proxy-addr-2.0.7.tgz"
  "version" "2.0.7"
  dependencies:
    "forwarded" "0.2.0"
    "ipaddr.js" "1.9.1"

"qs@6.9.6":
  "integrity" "sha512-TIRk4aqYLNoJUbd+g2lEdz5kLWIuTMRagAXxl78Q0RiVjAOugHmeKNGdd3cwo/ktpf9aL9epCfFqWDEKysUlLQ=="
  "resolved" "https://registry.npmjs.org/qs/-/qs-6.9.6.tgz"
  "version" "6.9.6"

"range-parser@~1.2.1":
  "integrity" "sha512-Hrgsx+orqoygnmhFbKaHE6c296J+HTAQXoxEF6gNupROmmGJRoyzfG3ccAveqCBrwr/2yxQ5BVd/GTl5agOwSg=="
  "resolved" "https://registry.npmjs.org/range-parser/-/range-parser-1.2.1.tgz"
  "version" "1.2.1"

"raw-body@2.4.2":
  "integrity" "sha512-RPMAFUJP19WIet/99ngh6Iv8fzAbqum4Li7AD6DtGaW2RpMB/11xDoalPiJMTbu6I3hkbMVkATvZrqb9EEqeeQ=="
  "resolved" "https://registry.npmjs.org/raw-body/-/raw-body-2.4.2.tgz"
  "version" "2.4.2"
  dependencies:
    "bytes" "3.1.1"
    "http-errors" "1.8.1"
    "iconv-lite" "0.4.24"
    "unpipe" "1.0.0"

"regenerator-runtime@^0.13.4":
  "integrity" "sha512-p3VT+cOEgxFsRRA9X4lkI1E+k2/CtnKtU4gcxyaCUreilL/vqI6CdZ3wxVUx3UOUg+gnUOQQcRI7BmSI656MYA=="
  "resolved" "https://registry.npmjs.org/regenerator-runtime/-/regenerator-runtime-0.13.9.tgz"
  "version" "0.13.9"

"rpc-websockets@^7.4.2":
  "integrity" "sha512-0b7OVhutzwRIaYAtJo5tqtaQTWKfwAsKnaThOSOy+VkhVdleNUgb8eZnWSdWITRZZEigV5uPEIDr5KZe4DBrdQ=="
  "resolved" "https://registry.npmjs.org/rpc-websockets/-/rpc-websockets-7.4.16.tgz"
  "version" "7.4.16"
  dependencies:
    "@babel/runtime" "^7.11.2"
    "circular-json" "^0.5.9"
    "eventemitter3" "^4.0.7"
    "uuid" "^8.3.0"
    "ws" "^7.4.5"
  optionalDependencies:
    "bufferutil" "^4.0.1"
    "utf-8-validate" "^5.0.2"

"safe-buffer@^5.0.1", "safe-buffer@^5.1.2", "safe-buffer@5.2.1":
  "integrity" "sha512-rp3So07KcdmmKbGvgaNxQSJr7bGVSVk5S9Eq1F+ppbRo70+YeaDxkw5Dd8NPN+GD6bjnYm2VuPuCXmpuYvmCXQ=="
  "resolved" "https://registry.npmjs.org/safe-buffer/-/safe-buffer-5.2.1.tgz"
  "version" "5.2.1"

"safer-buffer@>= 2.1.2 < 3":
  "integrity" "sha512-YZo3K82SD7Riyi0E1EQPojLz7kpepnSQI9IyPbHHg1XXXevb5dJI7tpyN2ADxGcQbHG7vcyRHk0cbwqcQriUtg=="
  "resolved" "https://registry.npmjs.org/safer-buffer/-/safer-buffer-2.1.2.tgz"
  "version" "2.1.2"

"secp256k1@^4.0.2":
  "integrity" "sha512-NLZVf+ROMxwtEj3Xa562qgv2BK5e2WNmXPiOdVIPLgs6lyTzMvBq0aWTYMI5XCP9jZMVKOcqZLw/Wc4vDkuxhA=="
  "resolved" "https://registry.npmjs.org/secp256k1/-/secp256k1-4.0.3.tgz"
  "version" "4.0.3"
  dependencies:
    "elliptic" "^6.5.4"
    "node-addon-api" "^2.0.0"
    "node-gyp-build" "^4.2.0"

"send@0.17.2":
  "integrity" "sha512-UJYB6wFSJE3G00nEivR5rgWp8c2xXvJ3OPWPhmuteU0IKj8nKbG3DrjiOmLwpnHGYWAVwA69zmTm++YG0Hmwww=="
  "resolved" "https://registry.npmjs.org/send/-/send-0.17.2.tgz"
  "version" "0.17.2"
  dependencies:
    "debug" "2.6.9"
    "depd" "~1.1.2"
    "destroy" "~1.0.4"
    "encodeurl" "~1.0.2"
    "escape-html" "~1.0.3"
    "etag" "~1.8.1"
    "fresh" "0.5.2"
    "http-errors" "1.8.1"
    "mime" "1.6.0"
    "ms" "2.1.3"
    "on-finished" "~2.3.0"
    "range-parser" "~1.2.1"
    "statuses" "~1.5.0"

"serve-static@1.14.2":
  "integrity" "sha512-+TMNA9AFxUEGuC0z2mevogSnn9MXKb4fa7ngeRMJaaGv8vTwnIEkKi+QGvPt33HSnf8pRS+WGM0EbMtCJLKMBQ=="
  "resolved" "https://registry.npmjs.org/serve-static/-/serve-static-1.14.2.tgz"
  "version" "1.14.2"
  dependencies:
    "encodeurl" "~1.0.2"
    "escape-html" "~1.0.3"
    "parseurl" "~1.3.3"
    "send" "0.17.2"

"setprototypeof@1.2.0":
  "integrity" "sha512-E5LDX7Wrp85Kil5bhZv46j8jOeboKq5JMmYM3gVGdGH8xFpPWXUMsNrlODCrkoxMEeNi/XZIwuRvY4XNwYMJpw=="
  "resolved" "https://registry.npmjs.org/setprototypeof/-/setprototypeof-1.2.0.tgz"
  "version" "1.2.0"

"side-channel@^1.0.4":
  "integrity" "sha512-q5XPytqFEIKHkGdiMIrY10mvLRvnQh42/+GoBlFW3b2LXLE2xxJpZFdm94we0BaoV3RwJyGqg5wS7epxTv0Zvw=="
  "resolved" "https://registry.npmjs.org/side-channel/-/side-channel-1.0.4.tgz"
  "version" "1.0.4"
  dependencies:
    "call-bind" "^1.0.0"
    "get-intrinsic" "^1.0.2"
    "object-inspect" "^1.9.0"

"statuses@>= 1.5.0 < 2", "statuses@~1.5.0":
  "integrity" "sha1-Fhx9rBd2Wf2YEfQ3cfqZOBR4Yow="
  "resolved" "https://registry.npmjs.org/statuses/-/statuses-1.5.0.tgz"
  "version" "1.5.0"

"string.prototype.trimend@^1.0.4":
  "integrity" "sha512-y9xCjw1P23Awk8EvTpcyL2NIr1j7wJ39f+k6lvRnSMz+mz9CGz9NYPelDk42kOz6+ql8xjfK8oYzy3jAP5QU5A=="
  "resolved" "https://registry.npmjs.org/string.prototype.trimend/-/string.prototype.trimend-1.0.4.tgz"
  "version" "1.0.4"
  dependencies:
    "call-bind" "^1.0.2"
    "define-properties" "^1.1.3"

"string.prototype.trimstart@^1.0.4":
  "integrity" "sha512-jh6e984OBfvxS50tdY2nRZnoC5/mLFKOREQfw8t5yytkoUsJRNxvI/E39qu1sD0OtWI3OC0XgKSmcWwziwYuZw=="
  "resolved" "https://registry.npmjs.org/string.prototype.trimstart/-/string.prototype.trimstart-1.0.4.tgz"
  "version" "1.0.4"
  dependencies:
    "call-bind" "^1.0.2"
    "define-properties" "^1.1.3"

"superstruct@^0.14.2":
  "integrity" "sha512-nPewA6m9mR3d6k7WkZ8N8zpTWfenFH3q9pA2PkuiZxINr9DKB2+40wEQf0ixn8VaGuJ78AB6iWOtStI+/4FKZQ=="
  "resolved" "https://registry.npmjs.org/superstruct/-/superstruct-0.14.2.tgz"
  "version" "0.14.2"

"text-encoding-utf-8@^1.0.2":
  "integrity" "sha512-8bw4MY9WjdsD2aMtO0OzOCY3pXGYNx2d2FfHRVUKkiCPDWjKuOlhLVASS+pD7VkLTVjW268LYJHwsnPFlBpbAg=="
  "resolved" "https://registry.npmjs.org/text-encoding-utf-8/-/text-encoding-utf-8-1.0.2.tgz"
  "version" "1.0.2"

"through@>=2.2.7 <3":
  "integrity" "sha1-DdTJ/6q8NXlgsbckEV1+Doai4fU="
  "resolved" "https://registry.npmjs.org/through/-/through-2.3.8.tgz"
  "version" "2.3.8"

"toidentifier@1.0.1":
  "integrity" "sha512-o5sSPKEkg/DIQNmH43V0/uerLrpzVedkUh8tGNvaeXpfpuwjKenlSox/2O/BTlZUtEe+JG7s5YhEz608PlAHRA=="
  "resolved" "https://registry.npmjs.org/toidentifier/-/toidentifier-1.0.1.tgz"
  "version" "1.0.1"

"tweetnacl@^1.0.0":
  "integrity" "sha512-6rt+RN7aOi1nGMyC4Xa5DdYiukl2UWCbcJft7YhxReBGQD7OAM8Pbxw6YMo4r2diNEA8FEmu32YOn9rhaiE5yw=="
  "resolved" "https://registry.npmjs.org/tweetnacl/-/tweetnacl-1.0.3.tgz"
  "version" "1.0.3"

"type-is@~1.6.18":
  "integrity" "sha512-TkRKr9sUTxEH8MdfuCSP7VizJyzRNMjj2J2do2Jr3Kym598JVdEksuzPQCnlFPW4ky9Q+iA+ma9BGm06XQBy8g=="
  "resolved" "https://registry.npmjs.org/type-is/-/type-is-1.6.18.tgz"
  "version" "1.6.18"
  dependencies:
    "media-typer" "0.3.0"
    "mime-types" "~2.1.24"

"unbox-primitive@^1.0.1":
  "integrity" "sha512-tZU/3NqK3dA5gpE1KtyiJUrEB0lxnGkMFHptJ7q6ewdZ8s12QrODwNbhIJStmJkd1QDXa1NRA8aF2A1zk/Ypyw=="
  "resolved" "https://registry.npmjs.org/unbox-primitive/-/unbox-primitive-1.0.1.tgz"
  "version" "1.0.1"
  dependencies:
    "function-bind" "^1.1.1"
    "has-bigints" "^1.0.1"
    "has-symbols" "^1.0.2"
    "which-boxed-primitive" "^1.0.2"

"unpipe@~1.0.0", "unpipe@1.0.0":
  "integrity" "sha1-sr9O6FFKrmFltIF4KdIbLvSZBOw="
  "resolved" "https://registry.npmjs.org/unpipe/-/unpipe-1.0.0.tgz"
  "version" "1.0.0"

"utf-8-validate@^5.0.2":
  "integrity" "sha512-k4dW/Qja1BYDl2qD4tOMB9PFVha/UJtxTc1cXYOe3WwA/2m0Yn4qB7wLMpJyLJ/7DR0XnTut3HsCSzDT4ZvKgA=="
  "resolved" "https://registry.npmjs.org/utf-8-validate/-/utf-8-validate-5.0.8.tgz"
  "version" "5.0.8"
  dependencies:
    "node-gyp-build" "^4.3.0"

"util@^0.12.0":
  "integrity" "sha512-bxZ9qtSlGUWSOy9Qa9Xgk11kSslpuZwaxCg4sNIDj6FLucDab2JxnHwyNTCpHMtK1MjoQiWQ6DiUMZYbSrO+Sw=="
  "resolved" "https://registry.npmjs.org/util/-/util-0.12.4.tgz"
  "version" "0.12.4"
  dependencies:
    "inherits" "^2.0.3"
    "is-arguments" "^1.0.4"
    "is-generator-function" "^1.0.7"
    "is-typed-array" "^1.1.3"
    "safe-buffer" "^5.1.2"
    "which-typed-array" "^1.1.2"

"utils-merge@1.0.1":
  "integrity" "sha1-n5VxD1CiZ5R7LMwSR0HBAoQn5xM="
  "resolved" "https://registry.npmjs.org/utils-merge/-/utils-merge-1.0.1.tgz"
  "version" "1.0.1"

"uuid@^8.3.0", "uuid@^8.3.2":
  "integrity" "sha512-+NYs2QeMWy+GWFOEm9xnn6HCDp0l7QBD7ml8zLUmJ+93Q5NF0NocErnwkTkXVFNiX3/fpC6afS8Dhb/gz7R7eg=="
  "resolved" "https://registry.npmjs.org/uuid/-/uuid-8.3.2.tgz"
  "version" "8.3.2"

"vary@~1.1.2":
  "integrity" "sha1-IpnwLG3tMNSllhsLn3RSShj2NPw="
  "resolved" "https://registry.npmjs.org/vary/-/vary-1.1.2.tgz"
  "version" "1.1.2"

"which-boxed-primitive@^1.0.2":
  "integrity" "sha512-bwZdv0AKLpplFY2KZRX6TvyuN7ojjr7lwkg6ml0roIy9YeuSr7JS372qlNW18UQYzgYK9ziGcerWqZOmEn9VNg=="
  "resolved" "https://registry.npmjs.org/which-boxed-primitive/-/which-boxed-primitive-1.0.2.tgz"
  "version" "1.0.2"
  dependencies:
    "is-bigint" "^1.0.1"
    "is-boolean-object" "^1.1.0"
    "is-number-object" "^1.0.4"
    "is-string" "^1.0.5"
    "is-symbol" "^1.0.3"

"which-typed-array@^1.1.2":
  "integrity" "sha512-vjxaB4nfDqwKI0ws7wZpxIlde1XrLX5uB0ZjpfshgmapJMD7jJWhZI+yToJTqaFByF0eNBcYxbjmCzoRP7CfEw=="
  "resolved" "https://registry.npmjs.org/which-typed-array/-/which-typed-array-1.1.7.tgz"
  "version" "1.1.7"
  dependencies:
    "available-typed-arrays" "^1.0.5"
    "call-bind" "^1.0.2"
    "es-abstract" "^1.18.5"
    "foreach" "^2.0.5"
    "has-tostringtag" "^1.0.0"
    "is-typed-array" "^1.1.7"

"ws@*", "ws@^7.4.5":
  "integrity" "sha512-6GLgCqo2cy2A2rjCNFlxQS6ZljG/coZfZXclldI8FB/1G3CCI36Zd8xy2HrFVACi8tfk5XrgLQEk+P0Tnz9UcA=="
  "resolved" "https://registry.npmjs.org/ws/-/ws-7.5.6.tgz"
  "version" "7.5.6"
